<Project xmlns="http://schemas.microsoft.com/developer/msbuild/2003">
    <PropertyGroup>
        <ProjectGuid>{3B8B2698-C0EF-46EA-909D-6CC179B75D9E}</ProjectGuid>
        <MainSource>UpdateDFM.dpr</MainSource>
        <Base>True</Base>
        <Config Condition="'$(Config)'==''">Debug</Config>
        <TargetedPlatforms>1025</TargetedPlatforms>
        <AppType>Application</AppType>
        <FrameworkType>VCL</FrameworkType>
        <ProjectVersion>18.0</ProjectVersion>
        <Platform Condition="'$(Platform)'==''">Win32</Platform>
    </PropertyGroup>
    <PropertyGroup Condition="'$(Config)'=='Base' or '$(Base)'!=''">
        <Base>true</Base>
    </PropertyGroup>
    <PropertyGroup Condition="('$(Platform)'=='Win32' and '$(Base)'=='true') or '$(Base_Win32)'!=''">
        <Base_Win32>true</Base_Win32>
        <CfgParent>Base</CfgParent>
        <Base>true</Base>
    </PropertyGroup>
    <PropertyGroup Condition="('$(Platform)'=='Win64' and '$(Base)'=='true') or '$(Base_Win64)'!=''">
        <Base_Win64>true</Base_Win64>
        <CfgParent>Base</CfgParent>
        <Base>true</Base>
    </PropertyGroup>
    <PropertyGroup Condition="'$(Config)'=='Release' or '$(Cfg_1)'!=''">
        <Cfg_1>true</Cfg_1>
        <CfgParent>Base</CfgParent>
        <Base>true</Base>
    </PropertyGroup>
    <PropertyGroup Condition="('$(Platform)'=='Win32' and '$(Cfg_1)'=='true') or '$(Cfg_1_Win32)'!=''">
        <Cfg_1_Win32>true</Cfg_1_Win32>
        <CfgParent>Cfg_1</CfgParent>
        <Cfg_1>true</Cfg_1>
        <Base>true</Base>
    </PropertyGroup>
    <PropertyGroup Condition="'$(Config)'=='Debug' or '$(Cfg_2)'!=''">
        <Cfg_2>true</Cfg_2>
        <CfgParent>Base</CfgParent>
        <Base>true</Base>
    </PropertyGroup>
    <PropertyGroup Condition="('$(Platform)'=='Win32' and '$(Cfg_2)'=='true') or '$(Cfg_2_Win32)'!=''">
        <Cfg_2_Win32>true</Cfg_2_Win32>
        <CfgParent>Cfg_2</CfgParent>
        <Cfg_2>true</Cfg_2>
        <Base>true</Base>
    </PropertyGroup>
    <PropertyGroup Condition="'$(Base)'!=''">
        <DCC_E>false</DCC_E>
        <DCC_DebugInformation>1</DCC_DebugInformation>
        <DCC_F>false</DCC_F>
        <DCC_Namespace>Vcl;Vcl.Imaging;Vcl.Touch;Vcl.Samples;Vcl.Shell;System;Xml;Data;Datasnap;Web;Soap;$(DCC_Namespace)</DCC_Namespace>
        <VerInfo_Locale>1046</VerInfo_Locale>
        <DCC_ExeOutput>..\..\</DCC_ExeOutput>
        <DCC_ImageBase>00400000</DCC_ImageBase>
        <DCC_K>false</DCC_K>
        <DCC_UnitSearchPath>..\..\lib\d7\;$(DCC_UnitSearchPath)</DCC_UnitSearchPath>
        <DCC_SymbolReferenceInfo>1</DCC_SymbolReferenceInfo>
        <DCC_UsePackage>vcl;rtl;vclx;indy;inet;xmlrtl;vclie;inetdbbde;inetdbxpress;dbrtl;dsnap;dsnapcon;vcldb;soaprtl;VclSmp;dbexpress;dbxcds;inetdb;bdertl;vcldbx;webdsnap;websnap;adortl;ibxpress;teeui;teedb;tee;dss;visualclx;visualdbclx;vclactnband;vclshlctrls;IntrawebDB_50_70;Intraweb_50_70;Rave50CLX;Rave50VCL;dclOfficeXP;dxCoreD7;dxServerModeD7;cxDataD7;cxLibraryD7;dxGDIPlusD7;dxADOServerModeD7;dxDBXServerModeD7;cxEditorsD7;dxmdsD7;dxBarD7;dxBarDBNavD7;dxBarExtDBItemsD7;dxBarExtItemsD7;dxRibbonD7;cxBarEditItemD7;dxdbtrD7;dxtrmdD7;dxDockingD7;dxThemeD7;dxFlowChartD7;cxPageControlD7;dxComnD7;cxPageControldxBarPopupMenuD7;dxTabbedMDID7;dxLayoutControlD7;dxNavBarD7;dxorgcD7;dxdborD7;cxGridD7;cxExportD7;cxPivotGridD7;cxPivotGridChartD7;cxPivotGridOLAPD7;cxTreeListD7;cxTreeListdxBarPopupMenuD7;cxSchedulerD7;cxSchedulerGridD7;dcldxSkinsCoreD7;dxSkinsCoreD7;dxSkinscxPCPainterD7;dxSkinscxSchedulerPainterD7;dxSkinsdxDLPainterD7;dxSkinsdxBarPainterD7;dxSkinsdxNavBarPainterD7;dxSkinsdxRibbonPainterD7;dxSpellCheckerD7;cxSpreadSheetD7;cxVerticalGridD7;dxPSCoreD7;dxPSLnksD7;dxPScxCommonD7;dxPScxExtCommonD7;dxPScxGridLnkD7;dxPSdxLCLnkD7;dxPScxPivotGridLnkD7;dxPScxSchedulerLnkD7;dxPScxSSLnkD7;dxPScxTLLnkD7;dxPScxVGridLnkD7;dxPSTeeChartD7;dxPSDBTeeChartD7;dxPSdxOCLnkD7;dxPSdxDBOCLnkD7;dxPSdxDBTVLnkD7;dxPSdxFCLnkD7;dxPScxPCProdD7;dxPsPrVwAdvD7;dxPSPrVwRibbonD7;dxSkinBlackD7;dxSkinBlueD7;dxSkinCaramelD7;dxSkinCoffeeD7;dxSkinDarkRoomD7;dxSkinDarkSideD7;dxSkinFoggyD7;dxSkinGlassOceansD7;dxSkiniMaginaryD7;dxSkinLilianD7;dxSkinLiquidSkyD7;dxSkinLondonLiquidSkyD7;dxSkinMcSkinD7;dxSkinMoneyTwinsD7;dxSkinOffice2007BlackD7;dxSkinOffice2007BlueD7;dxSkinOffice2007GreenD7;dxSkinOffice2007PinkD7;dxSkinOffice2007SilverD7;dxSkinOffice2010BlackD7;dxSkinOffice2010BlueD7;dxSkinOffice2010SilverD7;dxSkinPumpkinD7;dxSkinSevenD7;dxSkinSharpD7;dxSkinSilverD7;dxSkinSpringTimeD7;dxSkinStardustD7;dxSkinSummer2008D7;dxSkinValentineD7;dxSkinXmas2008BlueD7;dxSkinBlueprintD7;dxSkinDevExpressDarkStyleD7;dxSkinDevExpressStyleD7;dxSkinHighContrastD7;dxSkinSevenClassicD7;dxSkinSharpPlusD7;dxSkinTheAsphaltWorldD7;dxSkinVS2010D7;dxSkinWhiteprintD7;dxTileControlD7;$(DCC_UsePackage)</DCC_UsePackage>
        <DCC_S>false</DCC_S>
        <DCC_N>true</DCC_N>
        <SanitizedProjectName>UpdateDFM</SanitizedProjectName>
        <VerInfo_Keys>CompanyName=;FileDescription=;FileVersion=1.0.0.0;InternalName=;LegalCopyright=;LegalTrademarks=;OriginalFilename=;ProductName=;ProductVersion=1.0.0.0;Comments=</VerInfo_Keys>
    </PropertyGroup>
    <PropertyGroup Condition="'$(Base_Win32)'!=''">
        <DCC_Namespace>Winapi;System.Win;Data.Win;Datasnap.Win;Web.Win;Soap.Win;Xml.Win;Bde;$(DCC_Namespace)</DCC_Namespace>
        <Manifest_File>$(BDS)\bin\default_app.manifest</Manifest_File>
        <VerInfo_Locale>1033</VerInfo_Locale>
        <AppEnableRuntimeThemes>true</AppEnableRuntimeThemes>
        <Icon_MainIcon>UpdateDFM_Icon.ico</Icon_MainIcon>
        <VerInfo_IncludeVerInfo>true</VerInfo_IncludeVerInfo>
    </PropertyGroup>
    <PropertyGroup Condition="'$(Base_Win64)'!=''">
        <Icon_MainIcon>UpdateDFM_Icon.ico</Icon_MainIcon>
    </PropertyGroup>
    <PropertyGroup Condition="'$(Cfg_1)'!=''">
        <DCC_LocalDebugSymbols>false</DCC_LocalDebugSymbols>
        <DCC_Define>RELEASE;$(DCC_Define)</DCC_Define>
        <DCC_SymbolReferenceInfo>0</DCC_SymbolReferenceInfo>
        <DCC_DebugInformation>0</DCC_DebugInformation>
    </PropertyGroup>
    <PropertyGroup Condition="'$(Cfg_1_Win32)'!=''">
        <AppEnableHighDPI>true</AppEnableHighDPI>
        <AppEnableRuntimeThemes>true</AppEnableRuntimeThemes>
    </PropertyGroup>
    <PropertyGroup Condition="'$(Cfg_2)'!=''">
        <DCC_Define>DEBUG;$(DCC_Define)</DCC_Define>
        <DCC_GenerateStackFrames>true</DCC_GenerateStackFrames>
        <DCC_Optimize>false</DCC_Optimize>
    </PropertyGroup>
    <PropertyGroup Condition="'$(Cfg_2_Win32)'!=''">
        <AppEnableHighDPI>true</AppEnableHighDPI>
        <AppEnableRuntimeThemes>true</AppEnableRuntimeThemes>
    </PropertyGroup>
    <ItemGroup>
        <DelphiCompile Include="$(MainSource)">
            <MainSource>MainSource</MainSource>
        </DelphiCompile>
        <BuildConfiguration Include="Debug">
            <Key>Cfg_2</Key>
            <CfgParent>Base</CfgParent>
        </BuildConfiguration>
        <BuildConfiguration Include="Base">
            <Key>Base</Key>
        </BuildConfiguration>
        <BuildConfiguration Include="Release">
            <Key>Cfg_1</Key>
            <CfgParent>Base</CfgParent>
        </BuildConfiguration>
    </ItemGroup>
    <ProjectExtensions>
        <Borland.Personality>Delphi.Personality.12</Borland.Personality>
        <Borland.ProjectType/>
        <BorlandProject>
            <Delphi.Personality>
                <Source>
                    <Source Name="MainSource">UpdateDFM.dpr</Source>
                </Source>
            </Delphi.Personality>
            <Platforms>
                <Platform value="iOSDevice64">True</Platform>
                <Platform value="Win32">True</Platform>
                <Platform value="Win64">False</Platform>
            </Platforms>
        </BorlandProject>
        <ProjectFileVersion>12</ProjectFileVersion>
    </ProjectExtensions>
    <Import Project="$(BDS)\Bin\CodeGear.Delphi.Targets" Condition="Exists('$(BDS)\Bin\CodeGear.Delphi.Targets')"/>
    <Import Project="$(APPDATA)\Embarcadero\$(BDSAPPDATABASEDIR)\$(PRODUCTVERSION)\UserTools.proj" Condition="Exists('$(APPDATA)\Embarcadero\$(BDSAPPDATABASEDIR)\$(PRODUCTVERSION)\UserTools.proj')"/>
</Project>
